
Microsoft Visual Studio Solution File, Format Version 12.00
# Visual Studio Version 16
VisualStudioVersion = 16.0.31829.152
MinimumVisualStudioVersion = 10.0.40219.1
Project("{FAE04EC0-301F-11D3-BF4B-00C04F79EFBC}") = "MCD_DiziOrnekler", "MCD_DiziOrnekler\MCD_DiziOrnekler.csproj", "{917F401E-E386-440C-8C43-CB21645EA3EC}"
EndProject
Global
	GlobalSection(SolutionConfigurationPlatforms) = preSolution
		Debug|Any CPU = Debug|Any CPU
		Release|Any CPU = Release|Any CPU
	EndGlobalSection
	GlobalSection(ProjectConfigurationPlatforms) = postSolution
		{917F401E-E386-440C-8C43-CB21645EA3EC}.Debug|Any CPU.ActiveCfg = Debug|Any CPU
		{917F401E-E386-440C-8C43-CB21645EA3EC}.Debug|Any CPU.Build.0 = Debug|Any CPU
		{917F401E-E386-440C-8C43-CB21645EA3EC}.Release|Any CPU.ActiveCfg = Release|Any CPU
		{917F401E-E386-440C-8C43-CB21645EA3EC}.Release|Any CPU.Build.0 = Release|Any CPU
	EndGlobalSection
	GlobalSection(SolutionProperties) = preSolution
		HideSolutionNode = FALSE
	EndGlobalSection
	GlobalSection(ExtensibilityGlobals) = postSolution
		SolutionGuid = {974C5710-520E-406F-9A40-5F8F15A8D262}
	EndGlobalSection
EndGlobal
